{
  "name": "untitled5",
  "version": "1.0.0",
  "lockfileVersion": 2,
  "requires": true,
  "packages": {
    "": {
      "name": "untitled5",
      "version": "1.0.0",
      "license": "ISC",
      "dependencies": {
        "ccxt": "^1.66.5"
      }
    },
    "node_modules/ccxt": {
      "version": "1.66.5",
      "resolved": "https://nexus.diva-e.com/repository/npm-group/ccxt/-/ccxt-1.66.5.tgz",
      "integrity": "sha512-dH5f3pxUlld54I3dZT62kgQrqyV/sexTRyPxOa/Q/dq4Vmv5hdTYD0hugumohSUMxwu3+1Myfxplxnba3EJfIg==",
      "hasInstallScript": true,
      "license": "MIT",
      "engines": {
        "node": ">=10.4.0"
      }
    }
  },
  "dependencies": {
    "ccxt": {
      "version": "1.66.5",
      "resolved": "https://nexus.diva-e.com/repository/npm-group/ccxt/-/ccxt-1.66.5.tgz",
      "integrity": "sha512-dH5f3pxUlld54I3dZT62kgQrqyV/sexTRyPxOa/Q/dq4Vmv5hdTYD0hugumohSUMxwu3+1Myfxplxnba3EJfIg=="
    }
  }
}
